{
  "name": "chia-agent",
  "version": "1.0.0",
  "lockfileVersion": 2,
  "requires": true,
  "packages": {
    "": {
      "name": "chia-agent",
      "version": "1.0.0",
      "license": "ISC",
      "dependencies": {
        "chia-agent": "^9.2.0"
      }
    },
    "node_modules/chia-agent": {
      "version": "9.2.0",
      "resolved": "https://registry.npmjs.org/chia-agent/-/chia-agent-9.2.0.tgz",
      "integrity": "sha512-z9FBz41ZNEjWvAPU8DNoSHrkg0EIB7u9kCr0drBaB94SukT6b1Wy1k4lJLkg5SZJ+eTJkGInuy41HDYP6xG1Aw==",
      "dependencies": {
        "ws": "^8.5.0",
        "yaml": "^1.10.2"
      },
      "bin": {
        "chia-agent": "bin/cli.js"
      },
      "engines": {
        "node": ">=12.13.0"
      }
    },
    "node_modules/ws": {
      "version": "8.11.0",
      "resolved": "https://registry.npmjs.org/ws/-/ws-8.11.0.tgz",
      "integrity": "sha512-HPG3wQd9sNQoT9xHyNCXoDUa+Xw/VevmY9FoHyQ+g+rrMn4j6FB4np7Z0OhdTgjx6MgQLK7jwSy1YecU1+4Asg==",
      "engines": {
        "node": ">=10.0.0"
      },
      "peerDependencies": {
        "bufferutil": "^4.0.1",
        "utf-8-validate": "^5.0.2"
      },
      "peerDependenciesMeta": {
        "bufferutil": {
          "optional": true
        },
        "utf-8-validate": {
          "optional": true
        }
      }
    },
    "node_modules/yaml": {
      "version": "1.10.2",
      "resolved": "https://registry.npmjs.org/yaml/-/yaml-1.10.2.tgz",
      "integrity": "sha512-r3vXyErRCYJ7wg28yvBY5VSoAF8ZvlcW9/BwUzEtUsjvX/DKs24dIkuwjtuprwJJHsbyUbLApepYTR1BN4uHrg==",
      "engines": {
        "node": ">= 6"
      }
    }
  },
  "dependencies": {
    "chia-agent": {
      "version": "9.2.0",
      "resolved": "https://registry.npmjs.org/chia-agent/-/chia-agent-9.2.0.tgz",
      "integrity": "sha512-z9FBz41ZNEjWvAPU8DNoSHrkg0EIB7u9kCr0drBaB94SukT6b1Wy1k4lJLkg5SZJ+eTJkGInuy41HDYP6xG1Aw==",
      "requires": {
        "ws": "^8.5.0",
        "yaml": "^1.10.2"
      }
    },
    "ws": {
      "version": "8.11.0",
      "resolved": "https://registry.npmjs.org/ws/-/ws-8.11.0.tgz",
      "integrity": "sha512-HPG3wQd9sNQoT9xHyNCXoDUa+Xw/VevmY9FoHyQ+g+rrMn4j6FB4np7Z0OhdTgjx6MgQLK7jwSy1YecU1+4Asg==",
      "requires": {}
    },
    "yaml": {
      "version": "1.10.2",
      "resolved": "https://registry.npmjs.org/yaml/-/yaml-1.10.2.tgz",
      "integrity": "sha512-r3vXyErRCYJ7wg28yvBY5VSoAF8ZvlcW9/BwUzEtUsjvX/DKs24dIkuwjtuprwJJHsbyUbLApepYTR1BN4uHrg=="
    }
  }
}
